
Microsoft Visual Studio Solution File, Format Version 12.00
# Visual Studio Version 17
VisualStudioVersion = 17.3.32929.385
MinimumVisualStudioVersion = 10.0.40219.1
Project("{FAE04EC0-301F-11D3-BF4B-00C04F79EFBC}") = "4асове", "4асове.csproj", "{D6DE8F95-C133-4930-9BA1-453E83AE9B2C}"
EndProject
Global
	GlobalSection(SolutionConfigurationPlatforms) = preSolution
		Debug|Any CPU = Debug|Any CPU
		Release|Any CPU = Release|Any CPU
	EndGlobalSection
	GlobalSection(ProjectConfigurationPlatforms) = postSolution
		{D6DE8F95-C133-4930-9BA1-453E83AE9B2C}.Debug|Any CPU.ActiveCfg = Debug|Any CPU
		{D6DE8F95-C133-4930-9BA1-453E83AE9B2C}.Debug|Any CPU.Build.0 = Debug|Any CPU
		{D6DE8F95-C133-4930-9BA1-453E83AE9B2C}.Release|Any CPU.ActiveCfg = Release|Any CPU
		{D6DE8F95-C133-4930-9BA1-453E83AE9B2C}.Release|Any CPU.Build.0 = Release|Any CPU
	EndGlobalSection
	GlobalSection(SolutionProperties) = preSolution
		HideSolutionNode = FALSE
	EndGlobalSection
	GlobalSection(ExtensibilityGlobals) = postSolution
		SolutionGuid = {FA99D786-EDEC-420E-B221-5E6F52218BA4}
	EndGlobalSection
EndGlobal
